
Microsoft Visual Studio Solution File, Format Version 12.00
# Visual Studio Version 16
VisualStudioVersion = 16.0.30804.86
MinimumVisualStudioVersion = 10.0.40219.1
Project("{FAE04EC0-301F-11D3-BF4B-00C04F79EFBC}") = "HOKServer", "HOKServer\HOKServer.csproj", "{F9CDEAA2-9AB5-43DC-8BD9-F730CD479794}"
EndProject
Project("{FAE04EC0-301F-11D3-BF4B-00C04F79EFBC}") = "HOKProtocol", "HOKProtocol\HOKProtocol.csproj", "{18550B21-A710-475D-96A6-9E10101626C2}"
EndProject
Global
	GlobalSection(SolutionConfigurationPlatforms) = preSolution
		Debug|Any CPU = Debug|Any CPU
		Release|Any CPU = Release|Any CPU
	EndGlobalSection
	GlobalSection(ProjectConfigurationPlatforms) = postSolution
		{F9CDEAA2-9AB5-43DC-8BD9-F730CD479794}.Debug|Any CPU.ActiveCfg = Debug|Any CPU
		{F9CDEAA2-9AB5-43DC-8BD9-F730CD479794}.Debug|Any CPU.Build.0 = Debug|Any CPU
		{F9CDEAA2-9AB5-43DC-8BD9-F730CD479794}.Release|Any CPU.ActiveCfg = Release|Any CPU
		{F9CDEAA2-9AB5-43DC-8BD9-F730CD479794}.Release|Any CPU.Build.0 = Release|Any CPU
		{18550B21-A710-475D-96A6-9E10101626C2}.Debug|Any CPU.ActiveCfg = Debug|Any CPU
		{18550B21-A710-475D-96A6-9E10101626C2}.Debug|Any CPU.Build.0 = Debug|Any CPU
		{18550B21-A710-475D-96A6-9E10101626C2}.Release|Any CPU.ActiveCfg = Release|Any CPU
		{18550B21-A710-475D-96A6-9E10101626C2}.Release|Any CPU.Build.0 = Release|Any CPU
	EndGlobalSection
	GlobalSection(SolutionProperties) = preSolution
		HideSolutionNode = FALSE
	EndGlobalSection
	GlobalSection(ExtensibilityGlobals) = postSolution
		SolutionGuid = {0EC84952-B4CA-4EBD-9E70-27233226D546}
	EndGlobalSection
EndGlobal
